// !$*UTF8*$!
{
	archiveVersion = 1;
	classes = {
	};
	objectVersion = 55;
	objects = {

/* Begin PBXBuildFile section */
		8115B0002866F58500768B61 /* StartWorkoutViewController.swift in Sources */ = {isa = PBXBuildFile; fileRef = 8115AFFF2866F58500768B61 /* StartWorkoutViewController.swift */; };
		8115B0032866FCD000768B61 /* StartWorkoutView.swift in Sources */ = {isa = PBXBuildFile; fileRef = 8115B0022866FCD000768B61 /* StartWorkoutView.swift */; };
		8126B214284922FC00687A39 /* AppDelegate.swift in Sources */ = {isa = PBXBuildFile; fileRef = 8126B213284922FC00687A39 /* AppDelegate.swift */; };
		8126B216284922FC00687A39 /* SceneDelegate.swift in Sources */ = {isa = PBXBuildFile; fileRef = 8126B215284922FC00687A39 /* SceneDelegate.swift */; };
		8126B218284922FC00687A39 /* MainViewController.swift in Sources */ = {isa = PBXBuildFile; fileRef = 8126B217284922FC00687A39 /* MainViewController.swift */; };
		8126B21D284922FE00687A39 /* Assets.xcassets in Resources */ = {isa = PBXBuildFile; fileRef = 8126B21C284922FE00687A39 /* Assets.xcassets */; };
		8126B220284922FE00687A39 /* LaunchScreen.storyboard in Resources */ = {isa = PBXBuildFile; fileRef = 8126B21E284922FE00687A39 /* LaunchScreen.storyboard */; };
		8126B22F284CA84D00687A39 /* UIFont + Extensions.swift in Sources */ = {isa = PBXBuildFile; fileRef = 8126B22E284CA84D00687A39 /* UIFont + Extensions.swift */; };
		8126B231284CA93800687A39 /* UIColor + Extensions.swift in Sources */ = {isa = PBXBuildFile; fileRef = 8126B230284CA93800687A39 /* UIColor + Extensions.swift */; };
		8126B233284CACA300687A39 /* UIview + Exxtensions.swift in Sources */ = {isa = PBXBuildFile; fileRef = 8126B232284CACA300687A39 /* UIview + Exxtensions.swift */; };
		8126B235284CAD3B00687A39 /* UIStackView + Extensions.swift in Sources */ = {isa = PBXBuildFile; fileRef = 8126B234284CAD3A00687A39 /* UIStackView + Extensions.swift */; };
		8126B23D284CB8EC00687A39 /* Roboto-Bold.ttf in Resources */ = {isa = PBXBuildFile; fileRef = 8126B23C284CB8EC00687A39 /* Roboto-Bold.ttf */; };
		8126B240284CE22D00687A39 /* CalendarView.swift in Sources */ = {isa = PBXBuildFile; fileRef = 8126B23F284CE22D00687A39 /* CalendarView.swift */; };
		8126B242284CECC000687A39 /* CalendarCollectionViewCell.swift in Sources */ = {isa = PBXBuildFile; fileRef = 8126B241284CECC000687A39 /* CalendarCollectionViewCell.swift */; };
		8126B245284CFAB300687A39 /* WeatherView.swift in Sources */ = {isa = PBXBuildFile; fileRef = 8126B244284CFAB300687A39 /* WeatherView.swift */; };
		8126B247284FC64F00687A39 /* WorkoutTableViewCell.swift in Sources */ = {isa = PBXBuildFile; fileRef = 8126B246284FC64F00687A39 /* WorkoutTableViewCell.swift */; };
		81578771287353C4001DBB31 /* EditingProfileViewController.swift in Sources */ = {isa = PBXBuildFile; fileRef = 81578770287353C4001DBB31 /* EditingProfileViewController.swift */; };
		8158F3DA2871A16500DDF34F /* ProfileCollectionViewCell.swift in Sources */ = {isa = PBXBuildFile; fileRef = 8158F3D92871A16500DDF34F /* ProfileCollectionViewCell.swift */; };
		815AED0B2864DC9A0047E8A8 /* RealmManager.swift in Sources */ = {isa = PBXBuildFile; fileRef = 815AED0A2864DC9A0047E8A8 /* RealmManager.swift */; };
		815AED0D2864E3FE0047E8A8 /* Alerts.swift in Sources */ = {isa = PBXBuildFile; fileRef = 815AED0C2864E3FE0047E8A8 /* Alerts.swift */; };
		815C2D6C2860D1EE00BDD273 /* MainTabBarController.swift in Sources */ = {isa = PBXBuildFile; fileRef = 815C2D6B2860D1EE00BDD273 /* MainTabBarController.swift */; };
		815C2D6E2860D37300BDD273 /* ProfileViewController.swift in Sources */ = {isa = PBXBuildFile; fileRef = 815C2D6D2860D37300BDD273 /* ProfileViewController.swift */; };
		815C2D702860D3C500BDD273 /* StatisticViewController.swift in Sources */ = {isa = PBXBuildFile; fileRef = 815C2D6F2860D3C500BDD273 /* StatisticViewController.swift */; };
		815C2D722860D82F00BDD273 /* UILabel + Extension.swift in Sources */ = {isa = PBXBuildFile; fileRef = 815C2D712860D82F00BDD273 /* UILabel + Extension.swift */; };
		81666F142862315500746946 /* WorkoutModel.swift in Sources */ = {isa = PBXBuildFile; fileRef = 81666F132862315500746946 /* WorkoutModel.swift */; };
		816D6561286A1BFA00B36637 /* OkCancelAlert.swift in Sources */ = {isa = PBXBuildFile; fileRef = 816D6560286A1BFA00B36637 /* OkCancelAlert.swift */; };
		816D6563286A3DCC00B36637 /* TimerWorkoutViewController.swift in Sources */ = {isa = PBXBuildFile; fileRef = 816D6562286A3DCC00B36637 /* TimerWorkoutViewController.swift */; };
		816D6565286A41AA00B36637 /* TimerWorkoutView.swift in Sources */ = {isa = PBXBuildFile; fileRef = 816D6564286A41AA00B36637 /* TimerWorkoutView.swift */; };
		81D5F6B9286CCD7B00B974D3 /* Realm in Frameworks */ = {isa = PBXBuildFile; productRef = 81D5F6B8286CCD7B00B974D3 /* Realm */; };
		81D5F6BB286CCD7B00B974D3 /* RealmSwift in Frameworks */ = {isa = PBXBuildFile; productRef = 81D5F6BA286CCD7B00B974D3 /* RealmSwift */; };
		81D5F6BD286CD1A700B974D3 /* Roboto-Medium.ttf in Resources */ = {isa = PBXBuildFile; fileRef = 81D5F6BC286CD1A700B974D3 /* Roboto-Medium.ttf */; };
		81D5F6BF286CD6D300B974D3 /* StatisticTableViewCell.swift in Sources */ = {isa = PBXBuildFile; fileRef = 81D5F6BE286CD6D300B974D3 /* StatisticTableViewCell.swift */; };
		81D5F6C1286DA0EF00B974D3 /* Date.swift in Sources */ = {isa = PBXBuildFile; fileRef = 81D5F6C0286DA0EF00B974D3 /* Date.swift */; };
		81D5F6C3286DAD4700B974D3 /* CustomAlert.swift in Sources */ = {isa = PBXBuildFile; fileRef = 81D5F6C2286DAD4700B974D3 /* CustomAlert.swift */; };
		81D5F6C5286DEB9900B974D3 /* Int + Extension.swift in Sources */ = {isa = PBXBuildFile; fileRef = 81D5F6C4286DEB9900B974D3 /* Int + Extension.swift */; };
		81E8E0722855EFB4005B4E87 /* NewWorkoutViewController.swift in Sources */ = {isa = PBXBuildFile; fileRef = 81E8E0712855EFB4005B4E87 /* NewWorkoutViewController.swift */; };
		81E8E07428562D03005B4E87 /* DateAndRepeatView.swift in Sources */ = {isa = PBXBuildFile; fileRef = 81E8E07328562D03005B4E87 /* DateAndRepeatView.swift */; };
		81E8E07E2857A0CA005B4E87 /* RepsOrTimerView.swift in Sources */ = {isa = PBXBuildFile; fileRef = 81E8E07D2857A0CA005B4E87 /* RepsOrTimerView.swift */; };
		81FE7D0C2878247500507467 /* UserModel.swift in Sources */ = {isa = PBXBuildFile; fileRef = 81FE7D0B2878247500507467 /* UserModel.swift */; };
		81FE7D0E287837B300507467 /* GalleryOrFotoAlert.swift in Sources */ = {isa = PBXBuildFile; fileRef = 81FE7D0D287837B300507467 /* GalleryOrFotoAlert.swift */; };
		81FE7D10287DE57400507467 /* Notifications.swift in Sources */ = {isa = PBXBuildFile; fileRef = 81FE7D0F287DE57400507467 /* Notifications.swift */; };
/* End PBXBuildFile section */

/* Begin PBXFileReference section */
		8115AFFF2866F58500768B61 /* StartWorkoutViewController.swift */ = {isa = PBXFileReference; lastKnownFileType = sourcecode.swift; path = StartWorkoutViewController.swift; sourceTree = "<group>"; };
		8115B0022866FCD000768B61 /* StartWorkoutView.swift */ = {isa = PBXFileReference; lastKnownFileType = sourcecode.swift; path = StartWorkoutView.swift; sourceTree = "<group>"; };
		8126B210284922FC00687A39 /* Gym.app */ = {isa = PBXFileReference; explicitFileType = wrapper.application; includeInIndex = 0; path = Gym.app; sourceTree = BUILT_PRODUCTS_DIR; };
		8126B213284922FC00687A39 /* AppDelegate.swift */ = {isa = PBXFileReference; lastKnownFileType = sourcecode.swift; path = AppDelegate.swift; sourceTree = "<group>"; };
		8126B215284922FC00687A39 /* SceneDelegate.swift */ = {isa = PBXFileReference; lastKnownFileType = sourcecode.swift; path = SceneDelegate.swift; sourceTree = "<group>"; };
		8126B217284922FC00687A39 /* MainViewController.swift */ = {isa = PBXFileReference; lastKnownFileType = sourcecode.swift; path = MainViewController.swift; sourceTree = "<group>"; };
		8126B21C284922FE00687A39 /* Assets.xcassets */ = {isa = PBXFileReference; lastKnownFileType = folder.assetcatalog; path = Assets.xcassets; sourceTree = "<group>"; };
		8126B21F284922FE00687A39 /* Base */ = {isa = PBXFileReference; lastKnownFileType = file.storyboard; name = Base; path = Base.lproj/LaunchScreen.storyboard; sourceTree = "<group>"; };
		8126B221284922FE00687A39 /* Info.plist */ = {isa = PBXFileReference; lastKnownFileType = text.plist.xml; path = Info.plist; sourceTree = "<group>"; };
		8126B22E284CA84D00687A39 /* UIFont + Extensions.swift */ = {isa = PBXFileReference; lastKnownFileType = sourcecode.swift; path = "UIFont + Extensions.swift"; sourceTree = "<group>"; };
		8126B230284CA93800687A39 /* UIColor + Extensions.swift */ = {isa = PBXFileReference; lastKnownFileType = sourcecode.swift; path = "UIColor + Extensions.swift"; sourceTree = "<group>"; };
		8126B232284CACA300687A39 /* UIview + Exxtensions.swift */ = {isa = PBXFileReference; lastKnownFileType = sourcecode.swift; path = "UIview + Exxtensions.swift"; sourceTree = "<group>"; };
		8126B234284CAD3A00687A39 /* UIStackView + Extensions.swift */ = {isa = PBXFileReference; lastKnownFileType = sourcecode.swift; path = "UIStackView + Extensions.swift"; sourceTree = "<group>"; };
		8126B23C284CB8EC00687A39 /* Roboto-Bold.ttf */ = {isa = PBXFileReference; lastKnownFileType = file; path = "Roboto-Bold.ttf"; sourceTree = "<group>"; };
		8126B23F284CE22D00687A39 /* CalendarView.swift */ = {isa = PBXFileReference; lastKnownFileType = sourcecode.swift; path = CalendarView.swift; sourceTree = "<group>"; };
		8126B241284CECC000687A39 /* CalendarCollectionViewCell.swift */ = {isa = PBXFileReference; lastKnownFileType = sourcecode.swift; path = CalendarCollectionViewCell.swift; sourceTree = "<group>"; };
		8126B244284CFAB300687A39 /* WeatherView.swift */ = {isa = PBXFileReference; lastKnownFileType = sourcecode.swift; path = WeatherView.swift; sourceTree = "<group>"; };
		8126B246284FC64F00687A39 /* WorkoutTableViewCell.swift */ = {isa = PBXFileReference; lastKnownFileType = sourcecode.swift; path = WorkoutTableViewCell.swift; sourceTree = "<group>"; };
		81578770287353C4001DBB31 /* EditingProfileViewController.swift */ = {isa = PBXFileReference; lastKnownFileType = sourcecode.swift; path = EditingProfileViewController.swift; sourceTree = "<group>"; };
		8158F3D92871A16500DDF34F /* ProfileCollectionViewCell.swift */ = {isa = PBXFileReference; lastKnownFileType = sourcecode.swift; path = ProfileCollectionViewCell.swift; sourceTree = "<group>"; };
		815AED0A2864DC9A0047E8A8 /* RealmManager.swift */ = {isa = PBXFileReference; lastKnownFileType = sourcecode.swift; path = RealmManager.swift; sourceTree = "<group>"; };
		815AED0C2864E3FE0047E8A8 /* Alerts.swift */ = {isa = PBXFileReference; lastKnownFileType = sourcecode.swift; path = Alerts.swift; sourceTree = "<group>"; };
		815C2D6B2860D1EE00BDD273 /* MainTabBarController.swift */ = {isa = PBXFileReference; lastKnownFileType = sourcecode.swift; path = MainTabBarController.swift; sourceTree = "<group>"; };
		815C2D6D2860D37300BDD273 /* ProfileViewController.swift */ = {isa = PBXFileReference; lastKnownFileType = sourcecode.swift; path = ProfileViewController.swift; sourceTree = "<group>"; };
		815C2D6F2860D3C500BDD273 /* StatisticViewController.swift */ = {isa = PBXFileReference; lastKnownFileType = sourcecode.swift; path = StatisticViewController.swift; sourceTree = "<group>"; };
		815C2D712860D82F00BDD273 /* UILabel + Extension.swift */ = {isa = PBXFileReference; lastKnownFileType = sourcecode.swift; path = "UILabel + Extension.swift"; sourceTree = "<group>"; };
		81666F132862315500746946 /* WorkoutModel.swift */ = {isa = PBXFileReference; lastKnownFileType = sourcecode.swift; path = WorkoutModel.swift; sourceTree = "<group>"; };
		816D6560286A1BFA00B36637 /* OkCancelAlert.swift */ = {isa = PBXFileReference; lastKnownFileType = sourcecode.swift; path = OkCancelAlert.swift; sourceTree = "<group>"; };
		816D6562286A3DCC00B36637 /* TimerWorkoutViewController.swift */ = {isa = PBXFileReference; lastKnownFileType = sourcecode.swift; path = TimerWorkoutViewController.swift; sourceTree = "<group>"; };
		816D6564286A41AA00B36637 /* TimerWorkoutView.swift */ = {isa = PBXFileReference; lastKnownFileType = sourcecode.swift; path = TimerWorkoutView.swift; sourceTree = "<group>"; };
		81D5F6BC286CD1A700B974D3 /* Roboto-Medium.ttf */ = {isa = PBXFileReference; lastKnownFileType = file; name = "Roboto-Medium.ttf"; path = "../../../../../../Downloads/Font/Roboto/Roboto-Medium.ttf"; sourceTree = "<group>"; };
		81D5F6BE286CD6D300B974D3 /* StatisticTableViewCell.swift */ = {isa = PBXFileReference; lastKnownFileType = sourcecode.swift; path = StatisticTableViewCell.swift; sourceTree = "<group>"; };
		81D5F6C0286DA0EF00B974D3 /* Date.swift */ = {isa = PBXFileReference; lastKnownFileType = sourcecode.swift; path = Date.swift; sourceTree = "<group>"; };
		81D5F6C2286DAD4700B974D3 /* CustomAlert.swift */ = {isa = PBXFileReference; lastKnownFileType = sourcecode.swift; path = CustomAlert.swift; sourceTree = "<group>"; };
		81D5F6C4286DEB9900B974D3 /* Int + Extension.swift */ = {isa = PBXFileReference; lastKnownFileType = sourcecode.swift; path = "Int + Extension.swift"; sourceTree = "<group>"; };
		81E8E0712855EFB4005B4E87 /* NewWorkoutViewController.swift */ = {isa = PBXFileReference; lastKnownFileType = sourcecode.swift; path = NewWorkoutViewController.swift; sourceTree = "<group>"; };
		81E8E07328562D03005B4E87 /* DateAndRepeatView.swift */ = {isa = PBXFileReference; lastKnownFileType = sourcecode.swift; path = DateAndRepeatView.swift; sourceTree = "<group>"; };
		81E8E07D2857A0CA005B4E87 /* RepsOrTimerView.swift */ = {isa = PBXFileReference; lastKnownFileType = sourcecode.swift; path = RepsOrTimerView.swift; sourceTree = "<group>"; };
		81FE7D0B2878247500507467 /* UserModel.swift */ = {isa = PBXFileReference; lastKnownFileType = sourcecode.swift; path = UserModel.swift; sourceTree = "<group>"; };
		81FE7D0D287837B300507467 /* GalleryOrFotoAlert.swift */ = {isa = PBXFileReference; lastKnownFileType = sourcecode.swift; path = GalleryOrFotoAlert.swift; sourceTree = "<group>"; };
		81FE7D0F287DE57400507467 /* Notifications.swift */ = {isa = PBXFileReference; lastKnownFileType = sourcecode.swift; path = Notifications.swift; sourceTree = "<group>"; };
/* End PBXFileReference section */

/* Begin PBXFrameworksBuildPhase section */
		8126B20D284922FC00687A39 /* Frameworks */ = {
			isa = PBXFrameworksBuildPhase;
			buildActionMask = 2147483647;
			files = (
				81D5F6BB286CCD7B00B974D3 /* RealmSwift in Frameworks */,
				81D5F6B9286CCD7B00B974D3 /* Realm in Frameworks */,
			);
			runOnlyForDeploymentPostprocessing = 0;
		};
/* End PBXFrameworksBuildPhase section */

/* Begin PBXGroup section */
		8115B0012866FC7C00768B61 /* Alerts */ = {
			isa = PBXGroup;
			children = (
				815AED0C2864E3FE0047E8A8 /* Alerts.swift */,
				816D6560286A1BFA00B36637 /* OkCancelAlert.swift */,
				81D5F6C2286DAD4700B974D3 /* CustomAlert.swift */,
				81FE7D0D287837B300507467 /* GalleryOrFotoAlert.swift */,
			);
			path = Alerts;
			sourceTree = "<group>";
		};
		8126B207284922FC00687A39 = {
			isa = PBXGroup;
			children = (
				8126B212284922FC00687A39 /* Gym */,
				8126B211284922FC00687A39 /* Products */,
			);
			sourceTree = "<group>";
		};
		8126B211284922FC00687A39 /* Products */ = {
			isa = PBXGroup;
			children = (
				8126B210284922FC00687A39 /* Gym.app */,
			);
			name = Products;
			sourceTree = "<group>";
		};
		8126B212284922FC00687A39 /* Gym */ = {
			isa = PBXGroup;
			children = (
				815AED092864DC7D0047E8A8 /* Services */,
				8126B228284CA73C00687A39 /* Models */,
				8126B22A284CA75400687A39 /* Views */,
				8126B229284CA74500687A39 /* Controllers */,
				8126B227284CA6C800687A39 /* Application */,
				8126B22D284CA79A00687A39 /* Resources */,
				8126B22B284CA77400687A39 /* Extensions */,
			);
			path = Gym;
			sourceTree = "<group>";
		};
		8126B227284CA6C800687A39 /* Application */ = {
			isa = PBXGroup;
			children = (
				8126B213284922FC00687A39 /* AppDelegate.swift */,
				8126B215284922FC00687A39 /* SceneDelegate.swift */,
				81FE7D0F287DE57400507467 /* Notifications.swift */,
			);
			path = Application;
			sourceTree = "<group>";
		};
		8126B228284CA73C00687A39 /* Models */ = {
			isa = PBXGroup;
			children = (
				81666F132862315500746946 /* WorkoutModel.swift */,
				81FE7D0B2878247500507467 /* UserModel.swift */,
			);
			path = Models;
			sourceTree = "<group>";
		};
		8126B229284CA74500687A39 /* Controllers */ = {
			isa = PBXGroup;
			children = (
				815C2D6B2860D1EE00BDD273 /* MainTabBarController.swift */,
				8126B217284922FC00687A39 /* MainViewController.swift */,
				81E8E0712855EFB4005B4E87 /* NewWorkoutViewController.swift */,
				8115AFFF2866F58500768B61 /* StartWorkoutViewController.swift */,
				816D6562286A3DCC00B36637 /* TimerWorkoutViewController.swift */,
				815C2D6F2860D3C500BDD273 /* StatisticViewController.swift */,
				815C2D6D2860D37300BDD273 /* ProfileViewController.swift */,
				81578770287353C4001DBB31 /* EditingProfileViewController.swift */,
			);
			path = Controllers;
			sourceTree = "<group>";
		};
		8126B22A284CA75400687A39 /* Views */ = {
			isa = PBXGroup;
			children = (
				8126B244284CFAB300687A39 /* WeatherView.swift */,
				81E8E07328562D03005B4E87 /* DateAndRepeatView.swift */,
				81E8E07D2857A0CA005B4E87 /* RepsOrTimerView.swift */,
				8115B0022866FCD000768B61 /* StartWorkoutView.swift */,
				816D6564286A41AA00B36637 /* TimerWorkoutView.swift */,
				8126B23E284CE20E00687A39 /* MainVC */,
				8115B0012866FC7C00768B61 /* Alerts */,
			);
			path = Views;
			sourceTree = "<group>";
		};
		8126B22B284CA77400687A39 /* Extensions */ = {
			isa = PBXGroup;
			children = (
				8126B22E284CA84D00687A39 /* UIFont + Extensions.swift */,
				8126B230284CA93800687A39 /* UIColor + Extensions.swift */,
				8126B232284CACA300687A39 /* UIview + Exxtensions.swift */,
				8126B234284CAD3A00687A39 /* UIStackView + Extensions.swift */,
				815C2D712860D82F00BDD273 /* UILabel + Extension.swift */,
				81D5F6C0286DA0EF00B974D3 /* Date.swift */,
				81D5F6C4286DEB9900B974D3 /* Int + Extension.swift */,
			);
			path = Extensions;
			sourceTree = "<group>";
		};
		8126B22D284CA79A00687A39 /* Resources */ = {
			isa = PBXGroup;
			children = (
				8126B236284CB83700687A39 /* Fonts */,
				8126B21C284922FE00687A39 /* Assets.xcassets */,
				8126B21E284922FE00687A39 /* LaunchScreen.storyboard */,
				8126B221284922FE00687A39 /* Info.plist */,
			);
			path = Resources;
			sourceTree = "<group>";
		};
		8126B236284CB83700687A39 /* Fonts */ = {
			isa = PBXGroup;
			children = (
				81D5F6BC286CD1A700B974D3 /* Roboto-Medium.ttf */,
				8126B23C284CB8EC00687A39 /* Roboto-Bold.ttf */,
			);
			path = Fonts;
			sourceTree = "<group>";
		};
		8126B23E284CE20E00687A39 /* MainVC */ = {
			isa = PBXGroup;
			children = (
				8126B243284CECD700687A39 /* Cells */,
			);
			path = MainVC;
			sourceTree = "<group>";
		};
		8126B243284CECD700687A39 /* Cells */ = {
			isa = PBXGroup;
			children = (
				8126B23F284CE22D00687A39 /* CalendarView.swift */,
				8126B241284CECC000687A39 /* CalendarCollectionViewCell.swift */,
				8126B246284FC64F00687A39 /* WorkoutTableViewCell.swift */,
				81D5F6BE286CD6D300B974D3 /* StatisticTableViewCell.swift */,
				8158F3D92871A16500DDF34F /* ProfileCollectionViewCell.swift */,
			);
			path = Cells;
			sourceTree = "<group>";
		};
		815AED092864DC7D0047E8A8 /* Services */ = {
			isa = PBXGroup;
			children = (
				815AED0A2864DC9A0047E8A8 /* RealmManager.swift */,
			);
			path = Services;
			sourceTree = "<group>";
		};
/* End PBXGroup section */

/* Begin PBXNativeTarget section */
		8126B20F284922FC00687A39 /* Gym */ = {
			isa = PBXNativeTarget;
			buildConfigurationList = 8126B224284922FE00687A39 /* Build configuration list for PBXNativeTarget "Gym" */;
			buildPhases = (
				8126B20C284922FC00687A39 /* Sources */,
				8126B20D284922FC00687A39 /* Frameworks */,
				8126B20E284922FC00687A39 /* Resources */,
			);
			buildRules = (
			);
			dependencies = (
			);
			name = Gym;
			packageProductDependencies = (
				81D5F6B8286CCD7B00B974D3 /* Realm */,
				81D5F6BA286CCD7B00B974D3 /* RealmSwift */,
			);
			productName = Gym;
			productReference = 8126B210284922FC00687A39 /* Gym.app */;
			productType = "com.apple.product-type.application";
		};
/* End PBXNativeTarget section */

/* Begin PBXProject section */
		8126B208284922FC00687A39 /* Project object */ = {
			isa = PBXProject;
			attributes = {
				BuildIndependentTargetsInParallel = 1;
				LastSwiftUpdateCheck = 1320;
				LastUpgradeCheck = 1320;
				TargetAttributes = {
					8126B20F284922FC00687A39 = {
						CreatedOnToolsVersion = 13.2.1;
					};
				};
			};
			buildConfigurationList = 8126B20B284922FC00687A39 /* Build configuration list for PBXProject "Gym" */;
			compatibilityVersion = "Xcode 13.0";
			developmentRegion = en;
			hasScannedForEncodings = 0;
			knownRegions = (
				en,
				Base,
			);
			mainGroup = 8126B207284922FC00687A39;
			packageReferences = (
				81D5F6B7286CCD7B00B974D3 /* XCRemoteSwiftPackageReference "realm-swift" */,
			);
			productRefGroup = 8126B211284922FC00687A39 /* Products */;
			projectDirPath = "";
			projectRoot = "";
			targets = (
				8126B20F284922FC00687A39 /* Gym */,
			);
		};
/* End PBXProject section */

/* Begin PBXResourcesBuildPhase section */
		8126B20E284922FC00687A39 /* Resources */ = {
			isa = PBXResourcesBuildPhase;
			buildActionMask = 2147483647;
			files = (
				81D5F6BD286CD1A700B974D3 /* Roboto-Medium.ttf in Resources */,
				8126B220284922FE00687A39 /* LaunchScreen.storyboard in Resources */,
				8126B21D284922FE00687A39 /* Assets.xcassets in Resources */,
				8126B23D284CB8EC00687A39 /* Roboto-Bold.ttf in Resources */,
			);
			runOnlyForDeploymentPostprocessing = 0;
		};
/* End PBXResourcesBuildPhase section */

/* Begin PBXSourcesBuildPhase section */
		8126B20C284922FC00687A39 /* Sources */ = {
			isa = PBXSourcesBuildPhase;
			buildActionMask = 2147483647;
			files = (
				8158F3DA2871A16500DDF34F /* ProfileCollectionViewCell.swift in Sources */,
				8126B22F284CA84D00687A39 /* UIFont + Extensions.swift in Sources */,
				816D6563286A3DCC00B36637 /* TimerWorkoutViewController.swift in Sources */,
				8126B233284CACA300687A39 /* UIview + Exxtensions.swift in Sources */,
				815C2D6C2860D1EE00BDD273 /* MainTabBarController.swift in Sources */,
				8126B240284CE22D00687A39 /* CalendarView.swift in Sources */,
				81D5F6BF286CD6D300B974D3 /* StatisticTableViewCell.swift in Sources */,
				8126B235284CAD3B00687A39 /* UIStackView + Extensions.swift in Sources */,
				81D5F6C5286DEB9900B974D3 /* Int + Extension.swift in Sources */,
				8126B247284FC64F00687A39 /* WorkoutTableViewCell.swift in Sources */,
				81FE7D0C2878247500507467 /* UserModel.swift in Sources */,
				815C2D722860D82F00BDD273 /* UILabel + Extension.swift in Sources */,
				81666F142862315500746946 /* WorkoutModel.swift in Sources */,
				81E8E07428562D03005B4E87 /* DateAndRepeatView.swift in Sources */,
				8126B231284CA93800687A39 /* UIColor + Extensions.swift in Sources */,
				81FE7D10287DE57400507467 /* Notifications.swift in Sources */,
				8126B245284CFAB300687A39 /* WeatherView.swift in Sources */,
				8126B218284922FC00687A39 /* MainViewController.swift in Sources */,
				81E8E07E2857A0CA005B4E87 /* RepsOrTimerView.swift in Sources */,
				8126B242284CECC000687A39 /* CalendarCollectionViewCell.swift in Sources */,
				81E8E0722855EFB4005B4E87 /* NewWorkoutViewController.swift in Sources */,
				8126B214284922FC00687A39 /* AppDelegate.swift in Sources */,
				81D5F6C3286DAD4700B974D3 /* CustomAlert.swift in Sources */,
				81FE7D0E287837B300507467 /* GalleryOrFotoAlert.swift in Sources */,
				81578771287353C4001DBB31 /* EditingProfileViewController.swift in Sources */,
				8115B0002866F58500768B61 /* StartWorkoutViewController.swift in Sources */,
				815C2D702860D3C500BDD273 /* StatisticViewController.swift in Sources */,
				815AED0B2864DC9A0047E8A8 /* RealmManager.swift in Sources */,
				816D6565286A41AA00B36637 /* TimerWorkoutView.swift in Sources */,
				8115B0032866FCD000768B61 /* StartWorkoutView.swift in Sources */,
				8126B216284922FC00687A39 /* SceneDelegate.swift in Sources */,
				815AED0D2864E3FE0047E8A8 /* Alerts.swift in Sources */,
				816D6561286A1BFA00B36637 /* OkCancelAlert.swift in Sources */,
				81D5F6C1286DA0EF00B974D3 /* Date.swift in Sources */,
				815C2D6E2860D37300BDD273 /* ProfileViewController.swift in Sources */,
			);
			runOnlyForDeploymentPostprocessing = 0;
		};
/* End PBXSourcesBuildPhase section */

/* Begin PBXVariantGroup section */
		8126B21E284922FE00687A39 /* LaunchScreen.storyboard */ = {
			isa = PBXVariantGroup;
			children = (
				8126B21F284922FE00687A39 /* Base */,
			);
			name = LaunchScreen.storyboard;
			sourceTree = "<group>";
		};
/* End PBXVariantGroup section */

/* Begin XCBuildConfiguration section */
		8126B222284922FE00687A39 /* Debug */ = {
			isa = XCBuildConfiguration;
			buildSettings = {
				ALWAYS_SEARCH_USER_PATHS = NO;
				CLANG_ANALYZER_NONNULL = YES;
				CLANG_ANALYZER_NUMBER_OBJECT_CONVERSION = YES_AGGRESSIVE;
				CLANG_CXX_LANGUAGE_STANDARD = "gnu++17";
				CLANG_CXX_LIBRARY = "libc++";
				CLANG_ENABLE_MODULES = YES;
				CLANG_ENABLE_OBJC_ARC = YES;
				CLANG_ENABLE_OBJC_WEAK = YES;
				CLANG_WARN_BLOCK_CAPTURE_AUTORELEASING = YES;
				CLANG_WARN_BOOL_CONVERSION = YES;
				CLANG_WARN_COMMA = YES;
				CLANG_WARN_CONSTANT_CONVERSION = YES;
				CLANG_WARN_DEPRECATED_OBJC_IMPLEMENTATIONS = YES;
				CLANG_WARN_DIRECT_OBJC_ISA_USAGE = YES_ERROR;
				CLANG_WARN_DOCUMENTATION_COMMENTS = YES;
				CLANG_WARN_EMPTY_BODY = YES;
				CLANG_WARN_ENUM_CONVERSION = YES;
				CLANG_WARN_INFINITE_RECURSION = YES;
				CLANG_WARN_INT_CONVERSION = YES;
				CLANG_WARN_NON_LITERAL_NULL_CONVERSION = YES;
				CLANG_WARN_OBJC_IMPLICIT_RETAIN_SELF = YES;
				CLANG_WARN_OBJC_LITERAL_CONVERSION = YES;
				CLANG_WARN_OBJC_ROOT_CLASS = YES_ERROR;
				CLANG_WARN_QUOTED_INCLUDE_IN_FRAMEWORK_HEADER = YES;
				CLANG_WARN_RANGE_LOOP_ANALYSIS = YES;
				CLANG_WARN_STRICT_PROTOTYPES = YES;
				CLANG_WARN_SUSPICIOUS_MOVE = YES;
				CLANG_WARN_UNGUARDED_AVAILABILITY = YES_AGGRESSIVE;
				CLANG_WARN_UNREACHABLE_CODE = YES;
				CLANG_WARN__DUPLICATE_METHOD_MATCH = YES;
				COPY_PHASE_STRIP = NO;
				DEBUG_INFORMATION_FORMAT = dwarf;
				ENABLE_STRICT_OBJC_MSGSEND = YES;
				ENABLE_TESTABILITY = YES;
				GCC_C_LANGUAGE_STANDARD = gnu11;
				GCC_DYNAMIC_NO_PIC = NO;
				GCC_NO_COMMON_BLOCKS = YES;
				GCC_OPTIMIZATION_LEVEL = 0;
				GCC_PREPROCESSOR_DEFINITIONS = (
					"DEBUG=1",
					"$(inherited)",
				);
				GCC_WARN_64_TO_32_BIT_CONVERSION = YES;
				GCC_WARN_ABOUT_RETURN_TYPE = YES_ERROR;
				GCC_WARN_UNDECLARED_SELECTOR = YES;
				GCC_WARN_UNINITIALIZED_AUTOS = YES_AGGRESSIVE;
				GCC_WARN_UNUSED_FUNCTION = YES;
				GCC_WARN_UNUSED_VARIABLE = YES;
				IPHONEOS_DEPLOYMENT_TARGET = 15.0;
				MTL_ENABLE_DEBUG_INFO = INCLUDE_SOURCE;
				MTL_FAST_MATH = YES;
				ONLY_ACTIVE_ARCH = YES;
				SDKROOT = iphoneos;
				SWIFT_ACTIVE_COMPILATION_CONDITIONS = DEBUG;
				SWIFT_OPTIMIZATION_LEVEL = "-Onone";
			};
			name = Debug;
		};
		8126B223284922FE00687A39 /* Release */ = {
			isa = XCBuildConfiguration;
			buildSettings = {
				ALWAYS_SEARCH_USER_PATHS = NO;
				CLANG_ANALYZER_NONNULL = YES;
				CLANG_ANALYZER_NUMBER_OBJECT_CONVERSION = YES_AGGRESSIVE;
				CLANG_CXX_LANGUAGE_STANDARD = "gnu++17";
				CLANG_CXX_LIBRARY = "libc++";
				CLANG_ENABLE_MODULES = YES;
				CLANG_ENABLE_OBJC_ARC = YES;
				CLANG_ENABLE_OBJC_WEAK = YES;
				CLANG_WARN_BLOCK_CAPTURE_AUTORELEASING = YES;
				CLANG_WARN_BOOL_CONVERSION = YES;
				CLANG_WARN_COMMA = YES;
				CLANG_WARN_CONSTANT_CONVERSION = YES;
				CLANG_WARN_DEPRECATED_OBJC_IMPLEMENTATIONS = YES;
				CLANG_WARN_DIRECT_OBJC_ISA_USAGE = YES_ERROR;
				CLANG_WARN_DOCUMENTATION_COMMENTS = YES;
				CLANG_WARN_EMPTY_BODY = YES;
				CLANG_WARN_ENUM_CONVERSION = YES;
				CLANG_WARN_INFINITE_RECURSION = YES;
				CLANG_WARN_INT_CONVERSION = YES;
				CLANG_WARN_NON_LITERAL_NULL_CONVERSION = YES;
				CLANG_WARN_OBJC_IMPLICIT_RETAIN_SELF = YES;
				CLANG_WARN_OBJC_LITERAL_CONVERSION = YES;
				CLANG_WARN_OBJC_ROOT_CLASS = YES_ERROR;
				CLANG_WARN_QUOTED_INCLUDE_IN_FRAMEWORK_HEADER = YES;
				CLANG_WARN_RANGE_LOOP_ANALYSIS = YES;
				CLANG_WARN_STRICT_PROTOTYPES = YES;
				CLANG_WARN_SUSPICIOUS_MOVE = YES;
				CLANG_WARN_UNGUARDED_AVAILABILITY = YES_AGGRESSIVE;
				CLANG_WARN_UNREACHABLE_CODE = YES;
				CLANG_WARN__DUPLICATE_METHOD_MATCH = YES;
				COPY_PHASE_STRIP = NO;
				DEBUG_INFORMATION_FORMAT = "dwarf-with-dsym";
				ENABLE_NS_ASSERTIONS = NO;
				ENABLE_STRICT_OBJC_MSGSEND = YES;
				GCC_C_LANGUAGE_STANDARD = gnu11;
				GCC_NO_COMMON_BLOCKS = YES;
				GCC_WARN_64_TO_32_BIT_CONVERSION = YES;
				GCC_WARN_ABOUT_RETURN_TYPE = YES_ERROR;
				GCC_WARN_UNDECLARED_SELECTOR = YES;
				GCC_WARN_UNINITIALIZED_AUTOS = YES_AGGRESSIVE;
				GCC_WARN_UNUSED_FUNCTION = YES;
				GCC_WARN_UNUSED_VARIABLE = YES;
				IPHONEOS_DEPLOYMENT_TARGET = 15.0;
				MTL_ENABLE_DEBUG_INFO = NO;
				MTL_FAST_MATH = YES;
				SDKROOT = iphoneos;
				SWIFT_COMPILATION_MODE = wholemodule;
				SWIFT_OPTIMIZATION_LEVEL = "-O";
				VALIDATE_PRODUCT = YES;
			};
			name = Release;
		};
		8126B225284922FE00687A39 /* Debug */ = {
			isa = XCBuildConfiguration;
			buildSettings = {
				ASSETCATALOG_COMPILER_APPICON_NAME = AppIcon;
				ASSETCATALOG_COMPILER_GLOBAL_ACCENT_COLOR_NAME = AccentColor;
				CODE_SIGN_STYLE = Automatic;
				CURRENT_PROJECT_VERSION = 1;
				DEVELOPMENT_TEAM = 7Y6N89L5D4;
				GENERATE_INFOPLIST_FILE = YES;
				INFOPLIST_FILE = Gym/Resources/Info.plist;
				INFOPLIST_KEY_CFBundleDisplayName = Gym;
				INFOPLIST_KEY_NSCameraUsageDescription = "$(PRODUCT_NAME)photo use";
				INFOPLIST_KEY_UIApplicationSupportsIndirectInputEvents = YES;
				INFOPLIST_KEY_UILaunchStoryboardName = LaunchScreen;
				INFOPLIST_KEY_UISupportedInterfaceOrientations = UIInterfaceOrientationPortrait;
				INFOPLIST_KEY_UISupportedInterfaceOrientations_iPad = "UIInterfaceOrientationPortrait UIInterfaceOrientationPortraitUpsideDown UIInterfaceOrientationLandscapeLeft UIInterfaceOrientationLandscapeRight";
				INFOPLIST_KEY_UISupportedInterfaceOrientations_iPhone = "UIInterfaceOrientationPortrait UIInterfaceOrientationLandscapeLeft UIInterfaceOrientationLandscapeRight";
				IPHONEOS_DEPLOYMENT_TARGET = 15.0;
				LD_RUNPATH_SEARCH_PATHS = (
					"$(inherited)",
					"@executable_path/Frameworks",
				);
				MARKETING_VERSION = 1.0;
				PRODUCT_BUNDLE_IDENTIFIER = AndreyFackir.Gym;
				PRODUCT_NAME = "$(TARGET_NAME)";
				SWIFT_EMIT_LOC_STRINGS = YES;
				SWIFT_VERSION = 5.0;
				TARGETED_DEVICE_FAMILY = 1;
			};
			name = Debug;
		};
		8126B226284922FE00687A39 /* Release */ = {
			isa = XCBuildConfiguration;
			buildSettings = {
				ASSETCATALOG_COMPILER_APPICON_NAME = AppIcon;
				ASSETCATALOG_COMPILER_GLOBAL_ACCENT_COLOR_NAME = AccentColor;
				CODE_SIGN_STYLE = Automatic;
				CURRENT_PROJECT_VERSION = 1;
				DEVELOPMENT_TEAM = 7Y6N89L5D4;
				GENERATE_INFOPLIST_FILE = YES;
				INFOPLIST_FILE = Gym/Resources/Info.plist;
				INFOPLIST_KEY_CFBundleDisplayName = Gym;
				INFOPLIST_KEY_NSCameraUsageDescription = "$(PRODUCT_NAME)photo use";
				INFOPLIST_KEY_UIApplicationSupportsIndirectInputEvents = YES;
				INFOPLIST_KEY_UILaunchStoryboardName = LaunchScreen;
				INFOPLIST_KEY_UISupportedInterfaceOrientations = UIInterfaceOrientationPortrait;
				INFOPLIST_KEY_UISupportedInterfaceOrientations_iPad = "UIInterfaceOrientationPortrait UIInterfaceOrientationPortraitUpsideDown UIInterfaceOrientationLandscapeLeft UIInterfaceOrientationLandscapeRight";
				INFOPLIST_KEY_UISupportedInterfaceOrientations_iPhone = "UIInterfaceOrientationPortrait UIInterfaceOrientationLandscapeLeft UIInterfaceOrientationLandscapeRight";
				IPHONEOS_DEPLOYMENT_TARGET = 15.0;
				LD_RUNPATH_SEARCH_PATHS = (
					"$(inherited)",
					"@executable_path/Frameworks",
				);
				MARKETING_VERSION = 1.0;
				PRODUCT_BUNDLE_IDENTIFIER = AndreyFackir.Gym;
				PRODUCT_NAME = "$(TARGET_NAME)";
				SWIFT_EMIT_LOC_STRINGS = YES;
				SWIFT_VERSION = 5.0;
				TARGETED_DEVICE_FAMILY = 1;
			};
			name = Release;
		};
/* End XCBuildConfiguration section */

/* Begin XCConfigurationList section */
		8126B20B284922FC00687A39 /* Build configuration list for PBXProject "Gym" */ = {
			isa = XCConfigurationList;
			buildConfigurations = (
				8126B222284922FE00687A39 /* Debug */,
				8126B223284922FE00687A39 /* Release */,
			);
			defaultConfigurationIsVisible = 0;
			defaultConfigurationName = Release;
		};
		8126B224284922FE00687A39 /* Build configuration list for PBXNativeTarget "Gym" */ = {
			isa = XCConfigurationList;
			buildConfigurations = (
				8126B225284922FE00687A39 /* Debug */,
				8126B226284922FE00687A39 /* Release */,
			);
			defaultConfigurationIsVisible = 0;
			defaultConfigurationName = Release;
		};
/* End XCConfigurationList section */

/* Begin XCRemoteSwiftPackageReference section */
		81D5F6B7286CCD7B00B974D3 /* XCRemoteSwiftPackageReference "realm-swift" */ = {
			isa = XCRemoteSwiftPackageReference;
			repositoryURL = "https://github.com/realm/realm-swift";
			requirement = {
				branch = master;
				kind = branch;
			};
		};
/* End XCRemoteSwiftPackageReference section */

/* Begin XCSwiftPackageProductDependency section */
		81D5F6B8286CCD7B00B974D3 /* Realm */ = {
			isa = XCSwiftPackageProductDependency;
			package = 81D5F6B7286CCD7B00B974D3 /* XCRemoteSwiftPackageReference "realm-swift" */;
			productName = Realm;
		};
		81D5F6BA286CCD7B00B974D3 /* RealmSwift */ = {
			isa = XCSwiftPackageProductDependency;
			package = 81D5F6B7286CCD7B00B974D3 /* XCRemoteSwiftPackageReference "realm-swift" */;
			productName = RealmSwift;
		};
/* End XCSwiftPackageProductDependency section */
	};
	rootObject = 8126B208284922FC00687A39 /* Project object */;
}
